
Microsoft Visual Studio Solution File, Format Version 12.00
# Visual Studio Version 17
VisualStudioVersion = 17.2.32519.379
MinimumVisualStudioVersion = 10.0.40219.1
Project("{FAE04EC0-301F-11D3-BF4B-00C04F79EFBC}") = "Day19_HashTable", "Day19_HashTable\Day19_HashTable.csproj", "{CE8E48C0-D571-4424-963E-3203AE7E8A1B}"
EndProject
Global
	GlobalSection(SolutionConfigurationPlatforms) = preSolution
		Debug|Any CPU = Debug|Any CPU
		Release|Any CPU = Release|Any CPU
	EndGlobalSection
	GlobalSection(ProjectConfigurationPlatforms) = postSolution
		{CE8E48C0-D571-4424-963E-3203AE7E8A1B}.Debug|Any CPU.ActiveCfg = Debug|Any CPU
		{CE8E48C0-D571-4424-963E-3203AE7E8A1B}.Debug|Any CPU.Build.0 = Debug|Any CPU
		{CE8E48C0-D571-4424-963E-3203AE7E8A1B}.Release|Any CPU.ActiveCfg = Release|Any CPU
		{CE8E48C0-D571-4424-963E-3203AE7E8A1B}.Release|Any CPU.Build.0 = Release|Any CPU
	EndGlobalSection
	GlobalSection(SolutionProperties) = preSolution
		HideSolutionNode = FALSE
	EndGlobalSection
	GlobalSection(ExtensibilityGlobals) = postSolution
		SolutionGuid = {DD962FF7-85D5-42EB-9AD8-038B075CB3B6}
	EndGlobalSection
EndGlobal
